// !$*UTF8*$!
{
	archiveVersion = 1;
	classes = {
	};
	objectVersion = 46;
	objects = {

/* Begin PBXBuildFile section */
		ABA239D31CB69EC60079E8BE /* YouTubePlayer.framework in Frameworks */ = {isa = PBXBuildFile; fileRef = ABA239D21CB69EC60079E8BE /* YouTubePlayer.framework */; };
		ABA239D61CB69FC60079E8BE /* FeedItemCell.swift in Sources */ = {isa = PBXBuildFile; fileRef = ABA239D51CB69FC60079E8BE /* FeedItemCell.swift */; };
		ABA2D2691CB67084003A6AE3 /* AppDelegate.swift in Sources */ = {isa = PBXBuildFile; fileRef = ABA2D2681CB67084003A6AE3 /* AppDelegate.swift */; };
		ABA2D26B1CB67084003A6AE3 /* ViewController.swift in Sources */ = {isa = PBXBuildFile; fileRef = ABA2D26A1CB67084003A6AE3 /* ViewController.swift */; };
		ABA2D26E1CB67084003A6AE3 /* Main.storyboard in Resources */ = {isa = PBXBuildFile; fileRef = ABA2D26C1CB67084003A6AE3 /* Main.storyboard */; };
		ABA2D2701CB67084003A6AE3 /* Assets.xcassets in Resources */ = {isa = PBXBuildFile; fileRef = ABA2D26F1CB67084003A6AE3 /* Assets.xcassets */; };
		ABA2D2731CB67084003A6AE3 /* LaunchScreen.storyboard in Resources */ = {isa = PBXBuildFile; fileRef = ABA2D2711CB67084003A6AE3 /* LaunchScreen.storyboard */; };
		ABA2D2891CB67085003A6AE3 /* DubsFeedUITests.swift in Sources */ = {isa = PBXBuildFile; fileRef = ABA2D2881CB67085003A6AE3 /* DubsFeedUITests.swift */; };
		ABA2D2971CB670AE003A6AE3 /* FeedItem.swift in Sources */ = {isa = PBXBuildFile; fileRef = ABA2D2961CB670AE003A6AE3 /* FeedItem.swift */; };
		ABA2D2991CB670C6003A6AE3 /* FeedItemTests.swift in Sources */ = {isa = PBXBuildFile; fileRef = ABA2D2981CB670C6003A6AE3 /* FeedItemTests.swift */; };
		ABA2D29B1CB670D6003A6AE3 /* FeedController.swift in Sources */ = {isa = PBXBuildFile; fileRef = ABA2D29A1CB670D6003A6AE3 /* FeedController.swift */; };
		ABA2D2A01CB677A3003A6AE3 /* FeedId.swift in Sources */ = {isa = PBXBuildFile; fileRef = ABA2D29F1CB677A3003A6AE3 /* FeedId.swift */; };
		ABA2D2A21CB677E4003A6AE3 /* FeedSnippet.swift in Sources */ = {isa = PBXBuildFile; fileRef = ABA2D2A11CB677E4003A6AE3 /* FeedSnippet.swift */; };
		ABA2D2A41CB6783E003A6AE3 /* FeedThumbnail.swift in Sources */ = {isa = PBXBuildFile; fileRef = ABA2D2A31CB6783E003A6AE3 /* FeedThumbnail.swift */; };
		ABA2D2A81CB67E47003A6AE3 /* Alamofire.framework in Frameworks */ = {isa = PBXBuildFile; fileRef = ABA2D2A51CB67E47003A6AE3 /* Alamofire.framework */; };
		ABA2D2A91CB67E47003A6AE3 /* AlamofireImage.framework in Frameworks */ = {isa = PBXBuildFile; fileRef = ABA2D2A61CB67E47003A6AE3 /* AlamofireImage.framework */; };
		ABA2D2AA1CB67E47003A6AE3 /* SwiftyJSON.framework in Frameworks */ = {isa = PBXBuildFile; fileRef = ABA2D2A71CB67E47003A6AE3 /* SwiftyJSON.framework */; };
		ABA2D2AE1CB6811E003A6AE3 /* SwiftyBeaver.framework in Frameworks */ = {isa = PBXBuildFile; fileRef = ABA2D2AD1CB6811E003A6AE3 /* SwiftyBeaver.framework */; };
		ABF950CE1CB6D563006FDF09 /* RefreshControl.xib in Resources */ = {isa = PBXBuildFile; fileRef = ABF950CD1CB6D563006FDF09 /* RefreshControl.xib */; };
/* End PBXBuildFile section */

/* Begin PBXContainerItemProxy section */
		ABA2D27A1CB67085003A6AE3 /* PBXContainerItemProxy */ = {
			isa = PBXContainerItemProxy;
			containerPortal = ABA2D25D1CB67084003A6AE3 /* Project object */;
			proxyType = 1;
			remoteGlobalIDString = ABA2D2641CB67084003A6AE3;
			remoteInfo = DubsFeed;
		};
		ABA2D2851CB67085003A6AE3 /* PBXContainerItemProxy */ = {
			isa = PBXContainerItemProxy;
			containerPortal = ABA2D25D1CB67084003A6AE3 /* Project object */;
			proxyType = 1;
			remoteGlobalIDString = ABA2D2641CB67084003A6AE3;
			remoteInfo = DubsFeed;
		};
/* End PBXContainerItemProxy section */

/* Begin PBXFileReference section */
		ABA239D21CB69EC60079E8BE /* YouTubePlayer.framework */ = {isa = PBXFileReference; lastKnownFileType = wrapper.framework; name = YouTubePlayer.framework; path = Carthage/Build/iOS/YouTubePlayer.framework; sourceTree = "<group>"; };
		ABA239D51CB69FC60079E8BE /* FeedItemCell.swift */ = {isa = PBXFileReference; fileEncoding = 4; lastKnownFileType = sourcecode.swift; path = FeedItemCell.swift; sourceTree = "<group>"; };
		ABA2D2651CB67084003A6AE3 /* Feedsmash.app */ = {isa = PBXFileReference; explicitFileType = wrapper.application; includeInIndex = 0; path = Feedsmash.app; sourceTree = BUILT_PRODUCTS_DIR; };
		ABA2D2681CB67084003A6AE3 /* AppDelegate.swift */ = {isa = PBXFileReference; lastKnownFileType = sourcecode.swift; path = AppDelegate.swift; sourceTree = "<group>"; };
		ABA2D26A1CB67084003A6AE3 /* ViewController.swift */ = {isa = PBXFileReference; lastKnownFileType = sourcecode.swift; path = ViewController.swift; sourceTree = "<group>"; };
		ABA2D26D1CB67084003A6AE3 /* Base */ = {isa = PBXFileReference; lastKnownFileType = file.storyboard; name = Base; path = Base.lproj/Main.storyboard; sourceTree = "<group>"; };
		ABA2D26F1CB67084003A6AE3 /* Assets.xcassets */ = {isa = PBXFileReference; lastKnownFileType = folder.assetcatalog; path = Assets.xcassets; sourceTree = "<group>"; };
		ABA2D2721CB67084003A6AE3 /* Base */ = {isa = PBXFileReference; lastKnownFileType = file.storyboard; name = Base; path = Base.lproj/LaunchScreen.storyboard; sourceTree = "<group>"; };
		ABA2D2741CB67084003A6AE3 /* Info.plist */ = {isa = PBXFileReference; lastKnownFileType = text.plist.xml; path = Info.plist; sourceTree = "<group>"; };
		ABA2D2791CB67084003A6AE3 /* Feedsmash.xctest */ = {isa = PBXFileReference; explicitFileType = wrapper.cfbundle; includeInIndex = 0; path = Feedsmash.xctest; sourceTree = BUILT_PRODUCTS_DIR; };
		ABA2D27F1CB67085003A6AE3 /* Info.plist */ = {isa = PBXFileReference; lastKnownFileType = text.plist.xml; path = Info.plist; sourceTree = "<group>"; };
		ABA2D2841CB67085003A6AE3 /* Feedsmash.xctest */ = {isa = PBXFileReference; explicitFileType = wrapper.cfbundle; includeInIndex = 0; path = Feedsmash.xctest; sourceTree = BUILT_PRODUCTS_DIR; };
		ABA2D2881CB67085003A6AE3 /* DubsFeedUITests.swift */ = {isa = PBXFileReference; lastKnownFileType = sourcecode.swift; path = DubsFeedUITests.swift; sourceTree = "<group>"; };
		ABA2D28A1CB67085003A6AE3 /* Info.plist */ = {isa = PBXFileReference; lastKnownFileType = text.plist.xml; path = Info.plist; sourceTree = "<group>"; };
		ABA2D2961CB670AE003A6AE3 /* FeedItem.swift */ = {isa = PBXFileReference; fileEncoding = 4; lastKnownFileType = sourcecode.swift; path = FeedItem.swift; sourceTree = "<group>"; };
		ABA2D2981CB670C6003A6AE3 /* FeedItemTests.swift */ = {isa = PBXFileReference; fileEncoding = 4; lastKnownFileType = sourcecode.swift; path = FeedItemTests.swift; sourceTree = "<group>"; };
		ABA2D29A1CB670D6003A6AE3 /* FeedController.swift */ = {isa = PBXFileReference; fileEncoding = 4; lastKnownFileType = sourcecode.swift; path = FeedController.swift; sourceTree = "<group>"; };
		ABA2D29F1CB677A3003A6AE3 /* FeedId.swift */ = {isa = PBXFileReference; fileEncoding = 4; lastKnownFileType = sourcecode.swift; path = FeedId.swift; sourceTree = "<group>"; };
		ABA2D2A11CB677E4003A6AE3 /* FeedSnippet.swift */ = {isa = PBXFileReference; fileEncoding = 4; lastKnownFileType = sourcecode.swift; path = FeedSnippet.swift; sourceTree = "<group>"; };
		ABA2D2A31CB6783E003A6AE3 /* FeedThumbnail.swift */ = {isa = PBXFileReference; fileEncoding = 4; lastKnownFileType = sourcecode.swift; path = FeedThumbnail.swift; sourceTree = "<group>"; };
		ABA2D2A51CB67E47003A6AE3 /* Alamofire.framework */ = {isa = PBXFileReference; lastKnownFileType = wrapper.framework; name = Alamofire.framework; path = Carthage/Build/iOS/Alamofire.framework; sourceTree = "<group>"; };
		ABA2D2A61CB67E47003A6AE3 /* AlamofireImage.framework */ = {isa = PBXFileReference; lastKnownFileType = wrapper.framework; name = AlamofireImage.framework; path = Carthage/Build/iOS/AlamofireImage.framework; sourceTree = "<group>"; };
		ABA2D2A71CB67E47003A6AE3 /* SwiftyJSON.framework */ = {isa = PBXFileReference; lastKnownFileType = wrapper.framework; name = SwiftyJSON.framework; path = Carthage/Build/iOS/SwiftyJSON.framework; sourceTree = "<group>"; };
		ABA2D2AD1CB6811E003A6AE3 /* SwiftyBeaver.framework */ = {isa = PBXFileReference; lastKnownFileType = wrapper.framework; name = SwiftyBeaver.framework; path = Carthage/Build/iOS/SwiftyBeaver.framework; sourceTree = "<group>"; };
		ABF950CD1CB6D563006FDF09 /* RefreshControl.xib */ = {isa = PBXFileReference; fileEncoding = 4; lastKnownFileType = file.xib; path = RefreshControl.xib; sourceTree = "<group>"; };
/* End PBXFileReference section */

/* Begin PBXFrameworksBuildPhase section */
		ABA2D2621CB67084003A6AE3 /* Frameworks */ = {
			isa = PBXFrameworksBuildPhase;
			buildActionMask = 2147483647;
			files = (
				ABA2D2A81CB67E47003A6AE3 /* Alamofire.framework in Frameworks */,
				ABA2D2A91CB67E47003A6AE3 /* AlamofireImage.framework in Frameworks */,
				ABA2D2AE1CB6811E003A6AE3 /* SwiftyBeaver.framework in Frameworks */,
				ABA2D2AA1CB67E47003A6AE3 /* SwiftyJSON.framework in Frameworks */,
				ABA239D31CB69EC60079E8BE /* YouTubePlayer.framework in Frameworks */,
			);
			runOnlyForDeploymentPostprocessing = 0;
		};
		ABA2D2761CB67084003A6AE3 /* Frameworks */ = {
			isa = PBXFrameworksBuildPhase;
			buildActionMask = 2147483647;
			files = (
			);
			runOnlyForDeploymentPostprocessing = 0;
		};
		ABA2D2811CB67085003A6AE3 /* Frameworks */ = {
			isa = PBXFrameworksBuildPhase;
			buildActionMask = 2147483647;
			files = (
			);
			runOnlyForDeploymentPostprocessing = 0;
		};
/* End PBXFrameworksBuildPhase section */

/* Begin PBXGroup section */
		ABA239D41CB69F740079E8BE /* Views */ = {
			isa = PBXGroup;
			children = (
				ABA2D26A1CB67084003A6AE3 /* ViewController.swift */,
				ABA239D51CB69FC60079E8BE /* FeedItemCell.swift */,
			);
			name = Views;
			sourceTree = "<group>";
		};
		ABA2D25C1CB67084003A6AE3 = {
			isa = PBXGroup;
			children = (
				ABF950CF1CB6E51E006FDF09 /* Library */,
				ABA2D2671CB67084003A6AE3 /* DubsFeed */,
				ABA2D27C1CB67085003A6AE3 /* DubsFeedTests */,
				ABA2D2871CB67085003A6AE3 /* DubsFeedUITests */,
				ABA2D2661CB67084003A6AE3 /* Products */,
			);
			sourceTree = "<group>";
		};
		ABA2D2661CB67084003A6AE3 /* Products */ = {
			isa = PBXGroup;
			children = (
				ABA2D2651CB67084003A6AE3 /* Feedsmash.app */,
				ABA2D2791CB67084003A6AE3 /* Feedsmash.xctest */,
				ABA2D2841CB67085003A6AE3 /* Feedsmash.xctest */,
			);
			name = Products;
			sourceTree = "<group>";
		};
		ABA2D2671CB67084003A6AE3 /* DubsFeed */ = {
			isa = PBXGroup;
			children = (
				ABF950D11CB6E548006FDF09 /* UI */,
				ABF950D01CB6E53C006FDF09 /* Controllers */,
				ABA239D41CB69F740079E8BE /* Views */,
				ABA2D29E1CB6777F003A6AE3 /* Models */,
				ABA2D2681CB67084003A6AE3 /* AppDelegate.swift */,
				ABA2D26F1CB67084003A6AE3 /* Assets.xcassets */,
				ABA2D2741CB67084003A6AE3 /* Info.plist */,
			);
			path = DubsFeed;
			sourceTree = "<group>";
		};
		ABA2D27C1CB67085003A6AE3 /* DubsFeedTests */ = {
			isa = PBXGroup;
			children = (
				ABA2D27F1CB67085003A6AE3 /* Info.plist */,
				ABA2D2981CB670C6003A6AE3 /* FeedItemTests.swift */,
			);
			path = DubsFeedTests;
			sourceTree = "<group>";
		};
		ABA2D2871CB67085003A6AE3 /* DubsFeedUITests */ = {
			isa = PBXGroup;
			children = (
				ABA2D2881CB67085003A6AE3 /* DubsFeedUITests.swift */,
				ABA2D28A1CB67085003A6AE3 /* Info.plist */,
			);
			path = DubsFeedUITests;
			sourceTree = "<group>";
		};
		ABA2D29E1CB6777F003A6AE3 /* Models */ = {
			isa = PBXGroup;
			children = (
				ABA2D2961CB670AE003A6AE3 /* FeedItem.swift */,
				ABA2D29F1CB677A3003A6AE3 /* FeedId.swift */,
				ABA2D2A11CB677E4003A6AE3 /* FeedSnippet.swift */,
				ABA2D2A31CB6783E003A6AE3 /* FeedThumbnail.swift */,
			);
			name = Models;
			sourceTree = "<group>";
		};
		ABF950CF1CB6E51E006FDF09 /* Library */ = {
			isa = PBXGroup;
			children = (
				ABA239D21CB69EC60079E8BE /* YouTubePlayer.framework */,
				ABA2D2AD1CB6811E003A6AE3 /* SwiftyBeaver.framework */,
				ABA2D2A51CB67E47003A6AE3 /* Alamofire.framework */,
				ABA2D2A61CB67E47003A6AE3 /* AlamofireImage.framework */,
				ABA2D2A71CB67E47003A6AE3 /* SwiftyJSON.framework */,
			);
			name = Library;
			sourceTree = "<group>";
		};
		ABF950D01CB6E53C006FDF09 /* Controllers */ = {
			isa = PBXGroup;
			children = (
				ABA2D29A1CB670D6003A6AE3 /* FeedController.swift */,
			);
			name = Controllers;
			sourceTree = "<group>";
		};
		ABF950D11CB6E548006FDF09 /* UI */ = {
			isa = PBXGroup;
			children = (
				ABA2D2711CB67084003A6AE3 /* LaunchScreen.storyboard */,
				ABA2D26C1CB67084003A6AE3 /* Main.storyboard */,
				ABF950CD1CB6D563006FDF09 /* RefreshControl.xib */,
			);
			name = UI;
			sourceTree = "<group>";
		};
/* End PBXGroup section */

/* Begin PBXNativeTarget section */
		ABA2D2641CB67084003A6AE3 /* Feedsmash */ = {
			isa = PBXNativeTarget;
			buildConfigurationList = ABA2D28D1CB67085003A6AE3 /* Build configuration list for PBXNativeTarget "Feedsmash" */;
			buildPhases = (
				ABA2D2611CB67084003A6AE3 /* Sources */,
				ABA2D2621CB67084003A6AE3 /* Frameworks */,
				ABA2D2631CB67084003A6AE3 /* Resources */,
				ABA2D2AC1CB67E99003A6AE3 /* Carthage */,
				AB355CB81CB80A66008C0587 /* Swift Lint */,
			);
			buildRules = (
			);
			dependencies = (
			);
			name = Feedsmash;
			productName = DubsFeed;
			productReference = ABA2D2651CB67084003A6AE3 /* Feedsmash.app */;
			productType = "com.apple.product-type.application";
		};
		ABA2D2781CB67084003A6AE3 /* FeedsmashTests */ = {
			isa = PBXNativeTarget;
			buildConfigurationList = ABA2D2901CB67085003A6AE3 /* Build configuration list for PBXNativeTarget "FeedsmashTests" */;
			buildPhases = (
				ABA2D2751CB67084003A6AE3 /* Sources */,
				ABA2D2761CB67084003A6AE3 /* Frameworks */,
				ABA2D2771CB67084003A6AE3 /* Resources */,
			);
			buildRules = (
			);
			dependencies = (
				ABA2D27B1CB67085003A6AE3 /* PBXTargetDependency */,
			);
			name = FeedsmashTests;
			productName = DubsFeedTests;
			productReference = ABA2D2791CB67084003A6AE3 /* Feedsmash.xctest */;
			productType = "com.apple.product-type.bundle.unit-test";
		};
		ABA2D2831CB67085003A6AE3 /* FeedsmashUITests */ = {
			isa = PBXNativeTarget;
			buildConfigurationList = ABA2D2931CB67085003A6AE3 /* Build configuration list for PBXNativeTarget "FeedsmashUITests" */;
			buildPhases = (
				ABA2D2801CB67085003A6AE3 /* Sources */,
				ABA2D2811CB67085003A6AE3 /* Frameworks */,
				ABA2D2821CB67085003A6AE3 /* Resources */,
			);
			buildRules = (
			);
			dependencies = (
				ABA2D2861CB67085003A6AE3 /* PBXTargetDependency */,
			);
			name = FeedsmashUITests;
			productName = DubsFeedUITests;
			productReference = ABA2D2841CB67085003A6AE3 /* Feedsmash.xctest */;
			productType = "com.apple.product-type.bundle.ui-testing";
		};
/* End PBXNativeTarget section */

/* Begin PBXProject section */
		ABA2D25D1CB67084003A6AE3 /* Project object */ = {
			isa = PBXProject;
			attributes = {
				LastSwiftUpdateCheck = 0730;
				LastUpgradeCheck = 0730;
				ORGANIZATIONNAME = "ChangJoo Park";
				TargetAttributes = {
					ABA2D2641CB67084003A6AE3 = {
						CreatedOnToolsVersion = 7.3;
						DevelopmentTeam = 663SM38D42;
					};
					ABA2D2781CB67084003A6AE3 = {
						CreatedOnToolsVersion = 7.3;
						TestTargetID = ABA2D2641CB67084003A6AE3;
					};
					ABA2D2831CB67085003A6AE3 = {
						CreatedOnToolsVersion = 7.3;
						TestTargetID = ABA2D2641CB67084003A6AE3;
					};
				};
			};
			buildConfigurationList = ABA2D2601CB67084003A6AE3 /* Build configuration list for PBXProject "Feedsmash" */;
			compatibilityVersion = "Xcode 3.2";
			developmentRegion = English;
			hasScannedForEncodings = 0;
			knownRegions = (
				en,
				Base,
			);
			mainGroup = ABA2D25C1CB67084003A6AE3;
			productRefGroup = ABA2D2661CB67084003A6AE3 /* Products */;
			projectDirPath = "";
			projectRoot = "";
			targets = (
				ABA2D2641CB67084003A6AE3 /* Feedsmash */,
				ABA2D2781CB67084003A6AE3 /* FeedsmashTests */,
				ABA2D2831CB67085003A6AE3 /* FeedsmashUITests */,
			);
		};
/* End PBXProject section */

/* Begin PBXResourcesBuildPhase section */
		ABA2D2631CB67084003A6AE3 /* Resources */ = {
			isa = PBXResourcesBuildPhase;
			buildActionMask = 2147483647;
			files = (
				ABA2D2731CB67084003A6AE3 /* LaunchScreen.storyboard in Resources */,
				ABA2D2701CB67084003A6AE3 /* Assets.xcassets in Resources */,
				ABA2D26E1CB67084003A6AE3 /* Main.storyboard in Resources */,
				ABF950CE1CB6D563006FDF09 /* RefreshControl.xib in Resources */,
			);
			runOnlyForDeploymentPostprocessing = 0;
		};
		ABA2D2771CB67084003A6AE3 /* Resources */ = {
			isa = PBXResourcesBuildPhase;
			buildActionMask = 2147483647;
			files = (
			);
			runOnlyForDeploymentPostprocessing = 0;
		};
		ABA2D2821CB67085003A6AE3 /* Resources */ = {
			isa = PBXResourcesBuildPhase;
			buildActionMask = 2147483647;
			files = (
			);
			runOnlyForDeploymentPostprocessing = 0;
		};
/* End PBXResourcesBuildPhase section */

/* Begin PBXShellScriptBuildPhase section */
		AB355CB81CB80A66008C0587 /* Swift Lint */ = {
			isa = PBXShellScriptBuildPhase;
			buildActionMask = 2147483647;
			files = (
			);
			inputPaths = (
			);
			name = "Swift Lint";
			outputPaths = (
			);
			runOnlyForDeploymentPostprocessing = 0;
			shellPath = /bin/sh;
			shellScript = "if which swiftlint >/dev/null; then\nswiftlint\nelse\necho \"warning: SwiftLint not installed, download from https://github.com/realm/SwiftLint\"\nfi\n";
		};
		ABA2D2AC1CB67E99003A6AE3 /* Carthage */ = {
			isa = PBXShellScriptBuildPhase;
			buildActionMask = 2147483647;
			files = (
			);
			inputPaths = (
				"$(SRCROOT)/Carthage/Build/iOS/SwiftyBeaver.framework",
				"$(SRCROOT)/Carthage/Build/iOS/Alamofire.framework",
				"$(SRCROOT)/Carthage/Build/iOS/AlamofireImage.framework",
				"$(SRCROOT)/Carthage/Build/iOS/SwiftyJSON.framework",
				"$(SRCROOT)/Carthage/Build/iOS/YouTubePlayer.framework",
			);
			name = Carthage;
			outputPaths = (
			);
			runOnlyForDeploymentPostprocessing = 0;
			shellPath = /bin/sh;
			shellScript = "/usr/local/bin/carthage copy-frameworks\n";
		};
/* End PBXShellScriptBuildPhase section */

/* Begin PBXSourcesBuildPhase section */
		ABA2D2611CB67084003A6AE3 /* Sources */ = {
			isa = PBXSourcesBuildPhase;
			buildActionMask = 2147483647;
			files = (
				ABA239D61CB69FC60079E8BE /* FeedItemCell.swift in Sources */,
				ABA2D2A01CB677A3003A6AE3 /* FeedId.swift in Sources */,
				ABA2D2A41CB6783E003A6AE3 /* FeedThumbnail.swift in Sources */,
				ABA2D26B1CB67084003A6AE3 /* ViewController.swift in Sources */,
				ABA2D2691CB67084003A6AE3 /* AppDelegate.swift in Sources */,
				ABA2D2971CB670AE003A6AE3 /* FeedItem.swift in Sources */,
				ABA2D29B1CB670D6003A6AE3 /* FeedController.swift in Sources */,
				ABA2D2A21CB677E4003A6AE3 /* FeedSnippet.swift in Sources */,
			);
			runOnlyForDeploymentPostprocessing = 0;
		};
		ABA2D2751CB67084003A6AE3 /* Sources */ = {
			isa = PBXSourcesBuildPhase;
			buildActionMask = 2147483647;
			files = (
				ABA2D2991CB670C6003A6AE3 /* FeedItemTests.swift in Sources */,
			);
			runOnlyForDeploymentPostprocessing = 0;
		};
		ABA2D2801CB67085003A6AE3 /* Sources */ = {
			isa = PBXSourcesBuildPhase;
			buildActionMask = 2147483647;
			files = (
				ABA2D2891CB67085003A6AE3 /* DubsFeedUITests.swift in Sources */,
			);
			runOnlyForDeploymentPostprocessing = 0;
		};
/* End PBXSourcesBuildPhase section */

/* Begin PBXTargetDependency section */
		ABA2D27B1CB67085003A6AE3 /* PBXTargetDependency */ = {
			isa = PBXTargetDependency;
			target = ABA2D2641CB67084003A6AE3 /* Feedsmash */;
			targetProxy = ABA2D27A1CB67085003A6AE3 /* PBXContainerItemProxy */;
		};
		ABA2D2861CB67085003A6AE3 /* PBXTargetDependency */ = {
			isa = PBXTargetDependency;
			target = ABA2D2641CB67084003A6AE3 /* Feedsmash */;
			targetProxy = ABA2D2851CB67085003A6AE3 /* PBXContainerItemProxy */;
		};
/* End PBXTargetDependency section */

/* Begin PBXVariantGroup section */
		ABA2D26C1CB67084003A6AE3 /* Main.storyboard */ = {
			isa = PBXVariantGroup;
			children = (
				ABA2D26D1CB67084003A6AE3 /* Base */,
			);
			name = Main.storyboard;
			sourceTree = "<group>";
		};
		ABA2D2711CB67084003A6AE3 /* LaunchScreen.storyboard */ = {
			isa = PBXVariantGroup;
			children = (
				ABA2D2721CB67084003A6AE3 /* Base */,
			);
			name = LaunchScreen.storyboard;
			sourceTree = "<group>";
		};
/* End PBXVariantGroup section */

/* Begin XCBuildConfiguration section */
		ABA2D28B1CB67085003A6AE3 /* Debug */ = {
			isa = XCBuildConfiguration;
			buildSettings = {
				ALWAYS_SEARCH_USER_PATHS = NO;
				CLANG_ANALYZER_NONNULL = YES;
				CLANG_CXX_LANGUAGE_STANDARD = "gnu++0x";
				CLANG_CXX_LIBRARY = "libc++";
				CLANG_ENABLE_MODULES = YES;
				CLANG_ENABLE_OBJC_ARC = YES;
				CLANG_WARN_BOOL_CONVERSION = YES;
				CLANG_WARN_CONSTANT_CONVERSION = YES;
				CLANG_WARN_DIRECT_OBJC_ISA_USAGE = YES_ERROR;
				CLANG_WARN_EMPTY_BODY = YES;
				CLANG_WARN_ENUM_CONVERSION = YES;
				CLANG_WARN_INT_CONVERSION = YES;
				CLANG_WARN_OBJC_ROOT_CLASS = YES_ERROR;
				CLANG_WARN_UNREACHABLE_CODE = YES;
				CLANG_WARN__DUPLICATE_METHOD_MATCH = YES;
				"CODE_SIGN_IDENTITY[sdk=iphoneos*]" = "iPhone Developer";
				COPY_PHASE_STRIP = NO;
				DEBUG_INFORMATION_FORMAT = dwarf;
				ENABLE_STRICT_OBJC_MSGSEND = YES;
				ENABLE_TESTABILITY = YES;
				GCC_C_LANGUAGE_STANDARD = gnu99;
				GCC_DYNAMIC_NO_PIC = NO;
				GCC_NO_COMMON_BLOCKS = YES;
				GCC_OPTIMIZATION_LEVEL = 0;
				GCC_PREPROCESSOR_DEFINITIONS = (
					"DEBUG=1",
					"$(inherited)",
				);
				GCC_WARN_64_TO_32_BIT_CONVERSION = YES;
				GCC_WARN_ABOUT_RETURN_TYPE = YES_ERROR;
				GCC_WARN_UNDECLARED_SELECTOR = YES;
				GCC_WARN_UNINITIALIZED_AUTOS = YES_AGGRESSIVE;
				GCC_WARN_UNUSED_FUNCTION = YES;
				GCC_WARN_UNUSED_VARIABLE = YES;
				IPHONEOS_DEPLOYMENT_TARGET = 9.3;
				MTL_ENABLE_DEBUG_INFO = YES;
				ONLY_ACTIVE_ARCH = YES;
				SDKROOT = iphoneos;
				SWIFT_OPTIMIZATION_LEVEL = "-Onone";
			};
			name = Debug;
		};
		ABA2D28C1CB67085003A6AE3 /* Release */ = {
			isa = XCBuildConfiguration;
			buildSettings = {
				ALWAYS_SEARCH_USER_PATHS = NO;
				CLANG_ANALYZER_NONNULL = YES;
				CLANG_CXX_LANGUAGE_STANDARD = "gnu++0x";
				CLANG_CXX_LIBRARY = "libc++";
				CLANG_ENABLE_MODULES = YES;
				CLANG_ENABLE_OBJC_ARC = YES;
				CLANG_WARN_BOOL_CONVERSION = YES;
				CLANG_WARN_CONSTANT_CONVERSION = YES;
				CLANG_WARN_DIRECT_OBJC_ISA_USAGE = YES_ERROR;
				CLANG_WARN_EMPTY_BODY = YES;
				CLANG_WARN_ENUM_CONVERSION = YES;
				CLANG_WARN_INT_CONVERSION = YES;
				CLANG_WARN_OBJC_ROOT_CLASS = YES_ERROR;
				CLANG_WARN_UNREACHABLE_CODE = YES;
				CLANG_WARN__DUPLICATE_METHOD_MATCH = YES;
				"CODE_SIGN_IDENTITY[sdk=iphoneos*]" = "iPhone Developer";
				COPY_PHASE_STRIP = NO;
				DEBUG_INFORMATION_FORMAT = "dwarf-with-dsym";
				ENABLE_NS_ASSERTIONS = NO;
				ENABLE_STRICT_OBJC_MSGSEND = YES;
				GCC_C_LANGUAGE_STANDARD = gnu99;
				GCC_NO_COMMON_BLOCKS = YES;
				GCC_WARN_64_TO_32_BIT_CONVERSION = YES;
				GCC_WARN_ABOUT_RETURN_TYPE = YES_ERROR;
				GCC_WARN_UNDECLARED_SELECTOR = YES;
				GCC_WARN_UNINITIALIZED_AUTOS = YES_AGGRESSIVE;
				GCC_WARN_UNUSED_FUNCTION = YES;
				GCC_WARN_UNUSED_VARIABLE = YES;
				IPHONEOS_DEPLOYMENT_TARGET = 9.3;
				MTL_ENABLE_DEBUG_INFO = NO;
				SDKROOT = iphoneos;
				VALIDATE_PRODUCT = YES;
			};
			name = Release;
		};
		ABA2D28E1CB67085003A6AE3 /* Debug */ = {
			isa = XCBuildConfiguration;
			buildSettings = {
				ASSETCATALOG_COMPILER_APPICON_NAME = AppIcon;
				CODE_SIGN_IDENTITY = "iPhone Developer";
				FRAMEWORK_SEARCH_PATHS = (
					"$(inherited)",
					"$(PROJECT_DIR)/Carthage/Build/iOS",
				);
				INFOPLIST_FILE = DubsFeed/Info.plist;
				LD_RUNPATH_SEARCH_PATHS = "$(inherited) @executable_path/Frameworks";
				PRODUCT_BUNDLE_IDENTIFIER = feedsmash;
				PRODUCT_NAME = Feedsmash;
				TARGETED_DEVICE_FAMILY = 1;
			};
			name = Debug;
		};
		ABA2D28F1CB67085003A6AE3 /* Release */ = {
			isa = XCBuildConfiguration;
			buildSettings = {
				ASSETCATALOG_COMPILER_APPICON_NAME = AppIcon;
				CODE_SIGN_IDENTITY = "iPhone Developer";
				FRAMEWORK_SEARCH_PATHS = (
					"$(inherited)",
					"$(PROJECT_DIR)/Carthage/Build/iOS",
				);
				INFOPLIST_FILE = DubsFeed/Info.plist;
				LD_RUNPATH_SEARCH_PATHS = "$(inherited) @executable_path/Frameworks";
				PRODUCT_BUNDLE_IDENTIFIER = feedsmash;
				PRODUCT_NAME = Feedsmash;
				TARGETED_DEVICE_FAMILY = 1;
			};
			name = Release;
		};
		ABA2D2911CB67085003A6AE3 /* Debug */ = {
			isa = XCBuildConfiguration;
			buildSettings = {
				BUNDLE_LOADER = "$(TEST_HOST)";
				CLANG_ENABLE_MODULES = YES;
				INFOPLIST_FILE = DubsFeedTests/Info.plist;
				LD_RUNPATH_SEARCH_PATHS = "$(inherited) @executable_path/Frameworks @loader_path/Frameworks";
				PRODUCT_BUNDLE_IDENTIFIER = com.changjoo.me.DubsFeedTests;
				PRODUCT_NAME = Feedsmash;
				SWIFT_OPTIMIZATION_LEVEL = "-Onone";
				TEST_HOST = "$(BUILT_PRODUCTS_DIR)/Feedsmash.app/Feedsmash";
			};
			name = Debug;
		};
		ABA2D2921CB67085003A6AE3 /* Release */ = {
			isa = XCBuildConfiguration;
			buildSettings = {
				BUNDLE_LOADER = "$(TEST_HOST)";
				CLANG_ENABLE_MODULES = YES;
				INFOPLIST_FILE = DubsFeedTests/Info.plist;
				LD_RUNPATH_SEARCH_PATHS = "$(inherited) @executable_path/Frameworks @loader_path/Frameworks";
				PRODUCT_BUNDLE_IDENTIFIER = com.changjoo.me.DubsFeedTests;
				PRODUCT_NAME = Feedsmash;
				TEST_HOST = "$(BUILT_PRODUCTS_DIR)/Feedsmash.app/Feedsmash";
			};
			name = Release;
		};
		ABA2D2941CB67085003A6AE3 /* Debug */ = {
			isa = XCBuildConfiguration;
			buildSettings = {
				INFOPLIST_FILE = DubsFeedUITests/Info.plist;
				LD_RUNPATH_SEARCH_PATHS = "$(inherited) @executable_path/Frameworks @loader_path/Frameworks";
				PRODUCT_BUNDLE_IDENTIFIER = com.changjoo.me.DubsFeedUITests;
				PRODUCT_NAME = Feedsmash;
				TEST_TARGET_NAME = DubsFeed;
			};
			name = Debug;
		};
		ABA2D2951CB67085003A6AE3 /* Release */ = {
			isa = XCBuildConfiguration;
			buildSettings = {
				INFOPLIST_FILE = DubsFeedUITests/Info.plist;
				LD_RUNPATH_SEARCH_PATHS = "$(inherited) @executable_path/Frameworks @loader_path/Frameworks";
				PRODUCT_BUNDLE_IDENTIFIER = com.changjoo.me.DubsFeedUITests;
				PRODUCT_NAME = Feedsmash;
				TEST_TARGET_NAME = DubsFeed;
			};
			name = Release;
		};
/* End XCBuildConfiguration section */

/* Begin XCConfigurationList section */
		ABA2D2601CB67084003A6AE3 /* Build configuration list for PBXProject "Feedsmash" */ = {
			isa = XCConfigurationList;
			buildConfigurations = (
				ABA2D28B1CB67085003A6AE3 /* Debug */,
				ABA2D28C1CB67085003A6AE3 /* Release */,
			);
			defaultConfigurationIsVisible = 0;
			defaultConfigurationName = Release;
		};
		ABA2D28D1CB67085003A6AE3 /* Build configuration list for PBXNativeTarget "Feedsmash" */ = {
			isa = XCConfigurationList;
			buildConfigurations = (
				ABA2D28E1CB67085003A6AE3 /* Debug */,
				ABA2D28F1CB67085003A6AE3 /* Release */,
			);
			defaultConfigurationIsVisible = 0;
			defaultConfigurationName = Release;
		};
		ABA2D2901CB67085003A6AE3 /* Build configuration list for PBXNativeTarget "FeedsmashTests" */ = {
			isa = XCConfigurationList;
			buildConfigurations = (
				ABA2D2911CB67085003A6AE3 /* Debug */,
				ABA2D2921CB67085003A6AE3 /* Release */,
			);
			defaultConfigurationIsVisible = 0;
			defaultConfigurationName = Release;
		};
		ABA2D2931CB67085003A6AE3 /* Build configuration list for PBXNativeTarget "FeedsmashUITests" */ = {
			isa = XCConfigurationList;
			buildConfigurations = (
				ABA2D2941CB67085003A6AE3 /* Debug */,
				ABA2D2951CB67085003A6AE3 /* Release */,
			);
			defaultConfigurationIsVisible = 0;
			defaultConfigurationName = Release;
		};
/* End XCConfigurationList section */
	};
	rootObject = ABA2D25D1CB67084003A6AE3 /* Project object */;
}
